
Microsoft Visual Studio Solution File, Format Version 12.00
# Visual Studio Version 17
VisualStudioVersion = 17.3.32811.315
MinimumVisualStudioVersion = 10.0.40219.1
Project("{9A19103F-16F7-4668-BE54-9A1E7A4F7556}") = "UnityTests", "UnityTests\UnityTests.csproj", "{DE4C2CB3-5D14-4EB0-94C0-352D0D415D8E}"
EndProject
Project("{9A19103F-16F7-4668-BE54-9A1E7A4F7556}") = "CalculadoraLib", "CalculadoraLib\CalculadoraLib.csproj", "{B4A05530-C18F-4CD2-8A95-C5F8B738B285}"
EndProject
Project("{9A19103F-16F7-4668-BE54-9A1E7A4F7556}") = "CalculadoraConsole", "CalculadoraConsole\CalculadoraConsole.csproj", "{BC603B65-971D-4C57-9175-FF34723801A2}"
EndProject
Project("{FAE04EC0-301F-11D3-BF4B-00C04F79EFBC}") = "API", "API\API.csproj", "{C7180EC0-04C8-4E0F-B008-E22F1CF09573}"
EndProject
Global
	GlobalSection(SolutionConfigurationPlatforms) = preSolution
		Debug|Any CPU = Debug|Any CPU
		Release|Any CPU = Release|Any CPU
	EndGlobalSection
	GlobalSection(ProjectConfigurationPlatforms) = postSolution
		{DE4C2CB3-5D14-4EB0-94C0-352D0D415D8E}.Debug|Any CPU.ActiveCfg = Debug|Any CPU
		{DE4C2CB3-5D14-4EB0-94C0-352D0D415D8E}.Debug|Any CPU.Build.0 = Debug|Any CPU
		{DE4C2CB3-5D14-4EB0-94C0-352D0D415D8E}.Release|Any CPU.ActiveCfg = Release|Any CPU
		{DE4C2CB3-5D14-4EB0-94C0-352D0D415D8E}.Release|Any CPU.Build.0 = Release|Any CPU
		{B4A05530-C18F-4CD2-8A95-C5F8B738B285}.Debug|Any CPU.ActiveCfg = Debug|Any CPU
		{B4A05530-C18F-4CD2-8A95-C5F8B738B285}.Debug|Any CPU.Build.0 = Debug|Any CPU
		{B4A05530-C18F-4CD2-8A95-C5F8B738B285}.Release|Any CPU.ActiveCfg = Release|Any CPU
		{B4A05530-C18F-4CD2-8A95-C5F8B738B285}.Release|Any CPU.Build.0 = Release|Any CPU
		{BC603B65-971D-4C57-9175-FF34723801A2}.Debug|Any CPU.ActiveCfg = Debug|Any CPU
		{BC603B65-971D-4C57-9175-FF34723801A2}.Debug|Any CPU.Build.0 = Debug|Any CPU
		{BC603B65-971D-4C57-9175-FF34723801A2}.Release|Any CPU.ActiveCfg = Release|Any CPU
		{BC603B65-971D-4C57-9175-FF34723801A2}.Release|Any CPU.Build.0 = Release|Any CPU
		{C7180EC0-04C8-4E0F-B008-E22F1CF09573}.Debug|Any CPU.ActiveCfg = Debug|Any CPU
		{C7180EC0-04C8-4E0F-B008-E22F1CF09573}.Debug|Any CPU.Build.0 = Debug|Any CPU
		{C7180EC0-04C8-4E0F-B008-E22F1CF09573}.Release|Any CPU.ActiveCfg = Release|Any CPU
		{C7180EC0-04C8-4E0F-B008-E22F1CF09573}.Release|Any CPU.Build.0 = Release|Any CPU
	EndGlobalSection
	GlobalSection(SolutionProperties) = preSolution
		HideSolutionNode = FALSE
	EndGlobalSection
	GlobalSection(ExtensibilityGlobals) = postSolution
		SolutionGuid = {42D55A77-27CC-4C91-9F49-DAC9A528AB7F}
	EndGlobalSection
EndGlobal
